
Microsoft Visual Studio Solution File, Format Version 12.00
# Visual Studio 14
VisualStudioVersion = 14.0.23107.0
MinimumVisualStudioVersion = 10.0.40219.1
Project("{FAE04EC0-301F-11D3-BF4B-00C04F79EFBC}") = "IbStats.Backend", "IbStats.Backend\IbStats.Backend.csproj", "{6A6C20D9-57CF-4D19-B91C-2B7FF71540EA}"
EndProject
Project("{FAE04EC0-301F-11D3-BF4B-00C04F79EFBC}") = "IbStats.Web", "IbStats.Web\IbStats.Web.csproj", "{52B47798-84D8-4E6E-9061-52EC4815F0F1}"
EndProject
Global
	GlobalSection(SolutionConfigurationPlatforms) = preSolution
		Debug|Any CPU = Debug|Any CPU
		Release|Any CPU = Release|Any CPU
	EndGlobalSection
	GlobalSection(ProjectConfigurationPlatforms) = postSolution
		{6A6C20D9-57CF-4D19-B91C-2B7FF71540EA}.Debug|Any CPU.ActiveCfg = Debug|Any CPU
		{6A6C20D9-57CF-4D19-B91C-2B7FF71540EA}.Debug|Any CPU.Build.0 = Debug|Any CPU
		{6A6C20D9-57CF-4D19-B91C-2B7FF71540EA}.Release|Any CPU.ActiveCfg = Release|Any CPU
		{6A6C20D9-57CF-4D19-B91C-2B7FF71540EA}.Release|Any CPU.Build.0 = Release|Any CPU
		{52B47798-84D8-4E6E-9061-52EC4815F0F1}.Debug|Any CPU.ActiveCfg = Debug|Any CPU
		{52B47798-84D8-4E6E-9061-52EC4815F0F1}.Debug|Any CPU.Build.0 = Debug|Any CPU
		{52B47798-84D8-4E6E-9061-52EC4815F0F1}.Release|Any CPU.ActiveCfg = Release|Any CPU
		{52B47798-84D8-4E6E-9061-52EC4815F0F1}.Release|Any CPU.Build.0 = Release|Any CPU
	EndGlobalSection
	GlobalSection(SolutionProperties) = preSolution
		HideSolutionNode = FALSE
	EndGlobalSection
EndGlobal
